// !$*UTF8*$!
{
	archiveVersion = 1;
	classes = {
	};
	objectVersion = 46;
	objects = {

/* Begin PBXBuildFile section */
		5D6672BD1EAFA717002C967B /* AppDelegate.swift in Sources */ = {isa = PBXBuildFile; fileRef = 5D6672BC1EAFA717002C967B /* AppDelegate.swift */; };
		5D6672BF1EAFA717002C967B /* ViewController.swift in Sources */ = {isa = PBXBuildFile; fileRef = 5D6672BE1EAFA717002C967B /* ViewController.swift */; };
		5D6672C21EAFA717002C967B /* Main.storyboard in Resources */ = {isa = PBXBuildFile; fileRef = 5D6672C01EAFA717002C967B /* Main.storyboard */; };
		5D6672C41EAFA717002C967B /* Assets.xcassets in Resources */ = {isa = PBXBuildFile; fileRef = 5D6672C31EAFA717002C967B /* Assets.xcassets */; };
		5D6672C71EAFA717002C967B /* LaunchScreen.storyboard in Resources */ = {isa = PBXBuildFile; fileRef = 5D6672C51EAFA717002C967B /* LaunchScreen.storyboard */; };
		D7572B7170D306F8E4A87E18 /* Pods_equalizer.framework in Frameworks */ = {isa = PBXBuildFile; fileRef = C509CC06881B3B31FEF77383 /* Pods_equalizer.framework */; };
/* End PBXBuildFile section */

/* Begin PBXFileReference section */
		5D6672B91EAFA717002C967B /* equalizer.app */ = {isa = PBXFileReference; explicitFileType = wrapper.application; includeInIndex = 0; path = equalizer.app; sourceTree = BUILT_PRODUCTS_DIR; };
		5D6672BC1EAFA717002C967B /* AppDelegate.swift */ = {isa = PBXFileReference; lastKnownFileType = sourcecode.swift; path = AppDelegate.swift; sourceTree = "<group>"; };
		5D6672BE1EAFA717002C967B /* ViewController.swift */ = {isa = PBXFileReference; lastKnownFileType = sourcecode.swift; path = ViewController.swift; sourceTree = "<group>"; };
		5D6672C11EAFA717002C967B /* Base */ = {isa = PBXFileReference; lastKnownFileType = file.storyboard; name = Base; path = Base.lproj/Main.storyboard; sourceTree = "<group>"; };
		5D6672C31EAFA717002C967B /* Assets.xcassets */ = {isa = PBXFileReference; lastKnownFileType = folder.assetcatalog; path = Assets.xcassets; sourceTree = "<group>"; };
		5D6672C61EAFA717002C967B /* Base */ = {isa = PBXFileReference; lastKnownFileType = file.storyboard; name = Base; path = Base.lproj/LaunchScreen.storyboard; sourceTree = "<group>"; };
		5D6672C81EAFA717002C967B /* Info.plist */ = {isa = PBXFileReference; lastKnownFileType = text.plist.xml; path = Info.plist; sourceTree = "<group>"; };
		98A5DF872091965FF1E40B6E /* Pods-equalizer.release.xcconfig */ = {isa = PBXFileReference; includeInIndex = 1; lastKnownFileType = text.xcconfig; name = "Pods-equalizer.release.xcconfig"; path = "Pods/Target Support Files/Pods-equalizer/Pods-equalizer.release.xcconfig"; sourceTree = "<group>"; };
		C509CC06881B3B31FEF77383 /* Pods_equalizer.framework */ = {isa = PBXFileReference; explicitFileType = wrapper.framework; includeInIndex = 0; path = Pods_equalizer.framework; sourceTree = BUILT_PRODUCTS_DIR; };
		CDDD77111D0B9AAFEF98C7FE /* Pods-equalizer.debug.xcconfig */ = {isa = PBXFileReference; includeInIndex = 1; lastKnownFileType = text.xcconfig; name = "Pods-equalizer.debug.xcconfig"; path = "Pods/Target Support Files/Pods-equalizer/Pods-equalizer.debug.xcconfig"; sourceTree = "<group>"; };
/* End PBXFileReference section */

/* Begin PBXFrameworksBuildPhase section */
		5D6672B61EAFA717002C967B /* Frameworks */ = {
			isa = PBXFrameworksBuildPhase;
			buildActionMask = 2147483647;
			files = (
				D7572B7170D306F8E4A87E18 /* Pods_equalizer.framework in Frameworks */,
			);
			runOnlyForDeploymentPostprocessing = 0;
		};
/* End PBXFrameworksBuildPhase section */

/* Begin PBXGroup section */
		5D6672B01EAFA717002C967B = {
			isa = PBXGroup;
			children = (
				5D6672BB1EAFA717002C967B /* equalizer */,
				5D6672BA1EAFA717002C967B /* Products */,
				906B7AF8C1C7024BAAA7684F /* Pods */,
				F8E7A4A9B4428269286C2AE4 /* Frameworks */,
			);
			sourceTree = "<group>";
		};
		5D6672BA1EAFA717002C967B /* Products */ = {
			isa = PBXGroup;
			children = (
				5D6672B91EAFA717002C967B /* equalizer.app */,
			);
			name = Products;
			sourceTree = "<group>";
		};
		5D6672BB1EAFA717002C967B /* equalizer */ = {
			isa = PBXGroup;
			children = (
				5D6672BC1EAFA717002C967B /* AppDelegate.swift */,
				5D6672BE1EAFA717002C967B /* ViewController.swift */,
				5D6672C01EAFA717002C967B /* Main.storyboard */,
				5D6672C31EAFA717002C967B /* Assets.xcassets */,
				5D6672C51EAFA717002C967B /* LaunchScreen.storyboard */,
				5D6672C81EAFA717002C967B /* Info.plist */,
			);
			path = equalizer;
			sourceTree = "<group>";
		};
		906B7AF8C1C7024BAAA7684F /* Pods */ = {
			isa = PBXGroup;
			children = (
				CDDD77111D0B9AAFEF98C7FE /* Pods-equalizer.debug.xcconfig */,
				98A5DF872091965FF1E40B6E /* Pods-equalizer.release.xcconfig */,
			);
			name = Pods;
			sourceTree = "<group>";
		};
		F8E7A4A9B4428269286C2AE4 /* Frameworks */ = {
			isa = PBXGroup;
			children = (
				C509CC06881B3B31FEF77383 /* Pods_equalizer.framework */,
			);
			name = Frameworks;
			sourceTree = "<group>";
		};
/* End PBXGroup section */

/* Begin PBXNativeTarget section */
		5D6672B81EAFA717002C967B /* equalizer */ = {
			isa = PBXNativeTarget;
			buildConfigurationList = 5D6672CB1EAFA717002C967B /* Build configuration list for PBXNativeTarget "equalizer" */;
			buildPhases = (
				CFBEA2DA6A04BEA70A2AAFFA /* [CP] Check Pods Manifest.lock */,
				5D6672B51EAFA717002C967B /* Sources */,
				5D6672B61EAFA717002C967B /* Frameworks */,
				5D6672B71EAFA717002C967B /* Resources */,
				AF16127E21BD55D5749CB8F9 /* [CP] Embed Pods Frameworks */,
				4B22EF9E216DEB93F687BDDA /* [CP] Copy Pods Resources */,
			);
			buildRules = (
			);
			dependencies = (
			);
			name = equalizer;
			productName = equalizer;
			productReference = 5D6672B91EAFA717002C967B /* equalizer.app */;
			productType = "com.apple.product-type.application";
		};
/* End PBXNativeTarget section */

/* Begin PBXProject section */
		5D6672B11EAFA717002C967B /* Project object */ = {
			isa = PBXProject;
			attributes = {
				LastSwiftUpdateCheck = 0830;
				LastUpgradeCheck = 0830;
				ORGANIZATIONNAME = Hashdog;
				TargetAttributes = {
					5D6672B81EAFA717002C967B = {
						CreatedOnToolsVersion = 8.3.1;
						DevelopmentTeam = P4R5RF8U44;
						ProvisioningStyle = Automatic;
					};
				};
			};
			buildConfigurationList = 5D6672B41EAFA717002C967B /* Build configuration list for PBXProject "equalizer" */;
			compatibilityVersion = "Xcode 3.2";
			developmentRegion = English;
			hasScannedForEncodings = 0;
			knownRegions = (
				en,
				Base,
			);
			mainGroup = 5D6672B01EAFA717002C967B;
			productRefGroup = 5D6672BA1EAFA717002C967B /* Products */;
			projectDirPath = "";
			projectRoot = "";
			targets = (
				5D6672B81EAFA717002C967B /* equalizer */,
			);
		};
/* End PBXProject section */

/* Begin PBXResourcesBuildPhase section */
		5D6672B71EAFA717002C967B /* Resources */ = {
			isa = PBXResourcesBuildPhase;
			buildActionMask = 2147483647;
			files = (
				5D6672C71EAFA717002C967B /* LaunchScreen.storyboard in Resources */,
				5D6672C41EAFA717002C967B /* Assets.xcassets in Resources */,
				5D6672C21EAFA717002C967B /* Main.storyboard in Resources */,
			);
			runOnlyForDeploymentPostprocessing = 0;
		};
/* End PBXResourcesBuildPhase section */

/* Begin PBXShellScriptBuildPhase section */
		4B22EF9E216DEB93F687BDDA /* [CP] Copy Pods Resources */ = {
			isa = PBXShellScriptBuildPhase;
			buildActionMask = 2147483647;
			files = (
			);
			inputPaths = (
			);
			name = "[CP] Copy Pods Resources";
			outputPaths = (
			);
			runOnlyForDeploymentPostprocessing = 0;
			shellPath = /bin/sh;
			shellScript = "\"${SRCROOT}/Pods/Target Support Files/Pods-equalizer/Pods-equalizer-resources.sh\"\n";
			showEnvVarsInLog = 0;
		};
		AF16127E21BD55D5749CB8F9 /* [CP] Embed Pods Frameworks */ = {
			isa = PBXShellScriptBuildPhase;
			buildActionMask = 2147483647;
			files = (
			);
			inputPaths = (
			);
			name = "[CP] Embed Pods Frameworks";
			outputPaths = (
			);
			runOnlyForDeploymentPostprocessing = 0;
			shellPath = /bin/sh;
			shellScript = "\"${SRCROOT}/Pods/Target Support Files/Pods-equalizer/Pods-equalizer-frameworks.sh\"\n";
			showEnvVarsInLog = 0;
		};
		CFBEA2DA6A04BEA70A2AAFFA /* [CP] Check Pods Manifest.lock */ = {
			isa = PBXShellScriptBuildPhase;
			buildActionMask = 2147483647;
			files = (
			);
			inputPaths = (
			);
			name = "[CP] Check Pods Manifest.lock";
			outputPaths = (
			);
			runOnlyForDeploymentPostprocessing = 0;
			shellPath = /bin/sh;
			shellScript = "diff \"${PODS_PODFILE_DIR_PATH}/Podfile.lock\" \"${PODS_ROOT}/Manifest.lock\" > /dev/null\nif [ $? != 0 ] ; then\n    # print error to STDERR\n    echo \"error: The sandbox is not in sync with the Podfile.lock. Run 'pod install' or update your CocoaPods installation.\" >&2\n    exit 1\nfi\n";
			showEnvVarsInLog = 0;
		};
/* End PBXShellScriptBuildPhase section */

/* Begin PBXSourcesBuildPhase section */
		5D6672B51EAFA717002C967B /* Sources */ = {
			isa = PBXSourcesBuildPhase;
			buildActionMask = 2147483647;
			files = (
				5D6672BF1EAFA717002C967B /* ViewController.swift in Sources */,
				5D6672BD1EAFA717002C967B /* AppDelegate.swift in Sources */,
			);
			runOnlyForDeploymentPostprocessing = 0;
		};
/* End PBXSourcesBuildPhase section */

/* Begin PBXVariantGroup section */
		5D6672C01EAFA717002C967B /* Main.storyboard */ = {
			isa = PBXVariantGroup;
			children = (
				5D6672C11EAFA717002C967B /* Base */,
			);
			name = Main.storyboard;
			sourceTree = "<group>";
		};
		5D6672C51EAFA717002C967B /* LaunchScreen.storyboard */ = {
			isa = PBXVariantGroup;
			children = (
				5D6672C61EAFA717002C967B /* Base */,
			);
			name = LaunchScreen.storyboard;
			sourceTree = "<group>";
		};
/* End PBXVariantGroup section */

/* Begin XCBuildConfiguration section */
		5D6672C91EAFA717002C967B /* Debug */ = {
			isa = XCBuildConfiguration;
			buildSettings = {
				ALWAYS_SEARCH_USER_PATHS = NO;
				CLANG_ANALYZER_NONNULL = YES;
				CLANG_ANALYZER_NUMBER_OBJECT_CONVERSION = YES_AGGRESSIVE;
				CLANG_CXX_LANGUAGE_STANDARD = "gnu++0x";
				CLANG_CXX_LIBRARY = "libc++";
				CLANG_ENABLE_MODULES = YES;
				CLANG_ENABLE_OBJC_ARC = YES;
				CLANG_WARN_BOOL_CONVERSION = YES;
				CLANG_WARN_CONSTANT_CONVERSION = YES;
				CLANG_WARN_DIRECT_OBJC_ISA_USAGE = YES_ERROR;
				CLANG_WARN_DOCUMENTATION_COMMENTS = YES;
				CLANG_WARN_EMPTY_BODY = YES;
				CLANG_WARN_ENUM_CONVERSION = YES;
				CLANG_WARN_INFINITE_RECURSION = YES;
				CLANG_WARN_INT_CONVERSION = YES;
				CLANG_WARN_OBJC_ROOT_CLASS = YES_ERROR;
				CLANG_WARN_SUSPICIOUS_MOVE = YES;
				CLANG_WARN_UNREACHABLE_CODE = YES;
				CLANG_WARN__DUPLICATE_METHOD_MATCH = YES;
				"CODE_SIGN_IDENTITY[sdk=iphoneos*]" = "iPhone Developer";
				COPY_PHASE_STRIP = NO;
				DEBUG_INFORMATION_FORMAT = dwarf;
				ENABLE_STRICT_OBJC_MSGSEND = YES;
				ENABLE_TESTABILITY = YES;
				GCC_C_LANGUAGE_STANDARD = gnu99;
				GCC_DYNAMIC_NO_PIC = NO;
				GCC_NO_COMMON_BLOCKS = YES;
				GCC_OPTIMIZATION_LEVEL = 0;
				GCC_PREPROCESSOR_DEFINITIONS = (
					"DEBUG=1",
					"$(inherited)",
				);
				GCC_WARN_64_TO_32_BIT_CONVERSION = YES;
				GCC_WARN_ABOUT_RETURN_TYPE = YES_ERROR;
				GCC_WARN_UNDECLARED_SELECTOR = YES;
				GCC_WARN_UNINITIALIZED_AUTOS = YES_AGGRESSIVE;
				GCC_WARN_UNUSED_FUNCTION = YES;
				GCC_WARN_UNUSED_VARIABLE = YES;
				IPHONEOS_DEPLOYMENT_TARGET = 10.3;
				MTL_ENABLE_DEBUG_INFO = YES;
				ONLY_ACTIVE_ARCH = YES;
				SDKROOT = iphoneos;
				SWIFT_ACTIVE_COMPILATION_CONDITIONS = DEBUG;
				SWIFT_OPTIMIZATION_LEVEL = "-Onone";
			};
			name = Debug;
		};
		5D6672CA1EAFA717002C967B /* Release */ = {
			isa = XCBuildConfiguration;
			buildSettings = {
				ALWAYS_SEARCH_USER_PATHS = NO;
				CLANG_ANALYZER_NONNULL = YES;
				CLANG_ANALYZER_NUMBER_OBJECT_CONVERSION = YES_AGGRESSIVE;
				CLANG_CXX_LANGUAGE_STANDARD = "gnu++0x";
				CLANG_CXX_LIBRARY = "libc++";
				CLANG_ENABLE_MODULES = YES;
				CLANG_ENABLE_OBJC_ARC = YES;
				CLANG_WARN_BOOL_CONVERSION = YES;
				CLANG_WARN_CONSTANT_CONVERSION = YES;
				CLANG_WARN_DIRECT_OBJC_ISA_USAGE = YES_ERROR;
				CLANG_WARN_DOCUMENTATION_COMMENTS = YES;
				CLANG_WARN_EMPTY_BODY = YES;
				CLANG_WARN_ENUM_CONVERSION = YES;
				CLANG_WARN_INFINITE_RECURSION = YES;
				CLANG_WARN_INT_CONVERSION = YES;
				CLANG_WARN_OBJC_ROOT_CLASS = YES_ERROR;
				CLANG_WARN_SUSPICIOUS_MOVE = YES;
				CLANG_WARN_UNREACHABLE_CODE = YES;
				CLANG_WARN__DUPLICATE_METHOD_MATCH = YES;
				"CODE_SIGN_IDENTITY[sdk=iphoneos*]" = "iPhone Developer";
				COPY_PHASE_STRIP = NO;
				DEBUG_INFORMATION_FORMAT = "dwarf-with-dsym";
				ENABLE_NS_ASSERTIONS = NO;
				ENABLE_STRICT_OBJC_MSGSEND = YES;
				GCC_C_LANGUAGE_STANDARD = gnu99;
				GCC_NO_COMMON_BLOCKS = YES;
				GCC_WARN_64_TO_32_BIT_CONVERSION = YES;
				GCC_WARN_ABOUT_RETURN_TYPE = YES_ERROR;
				GCC_WARN_UNDECLARED_SELECTOR = YES;
				GCC_WARN_UNINITIALIZED_AUTOS = YES_AGGRESSIVE;
				GCC_WARN_UNUSED_FUNCTION = YES;
				GCC_WARN_UNUSED_VARIABLE = YES;
				IPHONEOS_DEPLOYMENT_TARGET = 10.3;
				MTL_ENABLE_DEBUG_INFO = NO;
				SDKROOT = iphoneos;
				SWIFT_OPTIMIZATION_LEVEL = "-Owholemodule";
				VALIDATE_PRODUCT = YES;
			};
			name = Release;
		};
		5D6672CC1EAFA717002C967B /* Debug */ = {
			isa = XCBuildConfiguration;
			baseConfigurationReference = CDDD77111D0B9AAFEF98C7FE /* Pods-equalizer.debug.xcconfig */;
			buildSettings = {
				ASSETCATALOG_COMPILER_APPICON_NAME = AppIcon;
				DEVELOPMENT_TEAM = P4R5RF8U44;
				INFOPLIST_FILE = equalizer/Info.plist;
				LD_RUNPATH_SEARCH_PATHS = "$(inherited) @executable_path/Frameworks";
				PRODUCT_BUNDLE_IDENTIFIER = com.equalizer;
				PRODUCT_NAME = "$(TARGET_NAME)";
				SWIFT_VERSION = 3.0;
			};
			name = Debug;
		};
		5D6672CD1EAFA717002C967B /* Release */ = {
			isa = XCBuildConfiguration;
			baseConfigurationReference = 98A5DF872091965FF1E40B6E /* Pods-equalizer.release.xcconfig */;
			buildSettings = {
				ASSETCATALOG_COMPILER_APPICON_NAME = AppIcon;
				DEVELOPMENT_TEAM = P4R5RF8U44;
				INFOPLIST_FILE = equalizer/Info.plist;
				LD_RUNPATH_SEARCH_PATHS = "$(inherited) @executable_path/Frameworks";
				PRODUCT_BUNDLE_IDENTIFIER = com.equalizer;
				PRODUCT_NAME = "$(TARGET_NAME)";
				SWIFT_VERSION = 3.0;
			};
			name = Release;
		};
/* End XCBuildConfiguration section */

/* Begin XCConfigurationList section */
		5D6672B41EAFA717002C967B /* Build configuration list for PBXProject "equalizer" */ = {
			isa = XCConfigurationList;
			buildConfigurations = (
				5D6672C91EAFA717002C967B /* Debug */,
				5D6672CA1EAFA717002C967B /* Release */,
			);
			defaultConfigurationIsVisible = 0;
			defaultConfigurationName = Release;
		};
		5D6672CB1EAFA717002C967B /* Build configuration list for PBXNativeTarget "equalizer" */ = {
			isa = XCConfigurationList;
			buildConfigurations = (
				5D6672CC1EAFA717002C967B /* Debug */,
				5D6672CD1EAFA717002C967B /* Release */,
			);
			defaultConfigurationIsVisible = 0;
			defaultConfigurationName = Release;
		};
/* End XCConfigurationList section */
	};
	rootObject = 5D6672B11EAFA717002C967B /* Project object */;
}
